{
    "version": 3,
    "terraform_version": "0.11.13",
    "serial": 2,
    "lineage": "9ea68e14-5f68-e957-6719-c4d3f69cddc4",
    "modules": [
        {
            "path": [
                "root"
            ],
            "outputs": {
                "runs": {
                    "sensitive": false,
                    "type": "string",
                    "value": "ec2-54-87-238-187.compute-1.amazonaws.com"
                }
            },
            "resources": {
                "aws_instance.server": {
                    "type": "aws_instance",
                    "depends_on": [
                        "aws_key_pair.terraform",
                        "aws_security_group.allow_ssl"
                    ],
                    "primary": {
                        "id": "i-03159d64cee3ad620",
                        "attributes": {
                            "ami": "ami-0de53d8956e8dcf80",
                            "arn": "arn:aws:ec2:us-east-1:958408468436:instance/i-03159d64cee3ad620",
                            "associate_public_ip_address": "true",
                            "availability_zone": "us-east-1e",
                            "cpu_core_count": "1",
                            "cpu_threads_per_core": "1",
                            "credit_specification.#": "1",
                            "credit_specification.0.cpu_credits": "standard",
                            "disable_api_termination": "false",
                            "ebs_block_device.#": "0",
                            "ebs_optimized": "false",
                            "ephemeral_block_device.#": "0",
                            "get_password_data": "false",
                            "iam_instance_profile": "",
                            "id": "i-03159d64cee3ad620",
                            "instance_state": "running",
                            "instance_type": "t2.micro",
                            "ipv6_address_count": "0",
                            "ipv6_addresses.#": "0",
                            "key_name": "tas-dev",
                            "monitoring": "false",
                            "network_interface.#": "0",
                            "password_data": "",
                            "placement_group": "",
                            "primary_network_interface_id": "eni-0a5caa96f11bfb36d",
                            "private_dns": "ip-172-31-34-30.ec2.internal",
                            "private_ip": "172.31.34.30",
                            "public_dns": "ec2-54-87-238-187.compute-1.amazonaws.com",
                            "public_ip": "54.87.238.187",
                            "root_block_device.#": "1",
                            "root_block_device.0.delete_on_termination": "true",
                            "root_block_device.0.iops": "100",
                            "root_block_device.0.volume_id": "vol-0ee857c29cb8219f9",
                            "root_block_device.0.volume_size": "8",
                            "root_block_device.0.volume_type": "gp2",
                            "security_groups.#": "1",
                            "security_groups.1100959272": "tas-dev-allow_ssl",
                            "source_dest_check": "true",
                            "subnet_id": "subnet-29c0bb14",
                            "tags.%": "0",
                            "tenancy": "default",
                            "volume_tags.%": "0",
                            "vpc_security_group_ids.#": "1",
                            "vpc_security_group_ids.1897014275": "sg-09e197870ae69a9b1"
                        },
                        "meta": {
                            "e2bfb730-ecaa-11e6-8f88-34363bc7c4c0": {
                                "create": 600000000000,
                                "delete": 1200000000000,
                                "update": 600000000000
                            },
                            "schema_version": "1"
                        },
                        "tainted": false
                    },
                    "deposed": [],
                    "provider": "provider.aws"
                },
                "aws_key_pair.terraform": {
                    "type": "aws_key_pair",
                    "depends_on": [
                        "data.external.keygen"
                    ],
                    "primary": {
                        "id": "tas-dev",
                        "attributes": {
                            "fingerprint": "d4:39:cd:d0:73:66:3b:bf:b0:70:06:b6:ba:f6:a3:0e",
                            "id": "tas-dev",
                            "key_name": "tas-dev",
                            "public_key": "ssh-rsa AAAAB3NzaC1yc2EAAAADAQABAAACAQC4yfjXYes+GjpHy3WxXTrO1woLn7PaspxP5FCFgH3pL0JEbjpW8kJqbtr/Phye29xJ5IkNf31ZfajYQFQvDF43+kOyrrNFys11k+mLkQbupCktO3pUknAcgP4j2PSSLucisDG84AThYlrBRQI3n9Sai9HjrTX07Wn0O32oFx1tLifl8LSXmxcTuhsKr22Ehn95LzJN8YEtASd0dFPDa+Og7tZR9C2qReWeYauyZ5lCRWwxS4Ps4buCmSdeCVvhUuh7YaKkk/H8JBXAMgz1mTBSi0pH5aXjaSGwtnaKzDrSbj1jHet5rNUakNWMBp6O+K1xTlVZde8YDyTcW+sA4K0KtIxFdgMZO+XHt7zj8ogRSJBHaAN7i0urCRMIBA2W2PTIPxiFsg05ybT4Ry0M0L+Nbto4lfTu9K00Xbg+MLnSdDlFfnHNAP46s11Ar1jhiGZZ7hkflPnbdlIHtsBYBOXTGBF8un8meYrdvZMPyRUGOBLTLx2Opu4IQYiVLx2XtGfVhQEsNLq+q5/Swaqp+R6M0vCj7BnxYkWpu0FPb8STCMoEPNivX0o6PcZa5swd5ZwgsxEWTK/XgcI5R1Z9eVH6fAp9gGnUAGba/h+s3/9qxcEsCu5undOTCgfpUhJemAiJRnyKwyU80ldH0XcNZcAaZJTySFUNcNX2HQDoLXL0ew== tas-dev keypair"
                        },
                        "meta": {
                            "schema_version": "1"
                        },
                        "tainted": false
                    },
                    "deposed": [],
                    "provider": "provider.aws"
                },
                "aws_security_group.allow_ssl": {
                    "type": "aws_security_group",
                    "depends_on": [],
                    "primary": {
                        "id": "sg-09e197870ae69a9b1",
                        "attributes": {
                            "arn": "arn:aws:ec2:us-east-1:958408468436:security-group/sg-09e197870ae69a9b1",
                            "description": "Allow SSL inbound traffic",
                            "egress.#": "1",
                            "egress.482069346.cidr_blocks.#": "1",
                            "egress.482069346.cidr_blocks.0": "0.0.0.0/0",
                            "egress.482069346.description": "",
                            "egress.482069346.from_port": "0",
                            "egress.482069346.ipv6_cidr_blocks.#": "0",
                            "egress.482069346.prefix_list_ids.#": "0",
                            "egress.482069346.protocol": "-1",
                            "egress.482069346.security_groups.#": "0",
                            "egress.482069346.self": "false",
                            "egress.482069346.to_port": "0",
                            "id": "sg-09e197870ae69a9b1",
                            "ingress.#": "2",
                            "ingress.2541437006.cidr_blocks.#": "1",
                            "ingress.2541437006.cidr_blocks.0": "0.0.0.0/0",
                            "ingress.2541437006.description": "",
                            "ingress.2541437006.from_port": "22",
                            "ingress.2541437006.ipv6_cidr_blocks.#": "0",
                            "ingress.2541437006.prefix_list_ids.#": "0",
                            "ingress.2541437006.protocol": "tcp",
                            "ingress.2541437006.security_groups.#": "0",
                            "ingress.2541437006.self": "false",
                            "ingress.2541437006.to_port": "22",
                            "ingress.753360330.cidr_blocks.#": "0",
                            "ingress.753360330.description": "",
                            "ingress.753360330.from_port": "0",
                            "ingress.753360330.ipv6_cidr_blocks.#": "0",
                            "ingress.753360330.prefix_list_ids.#": "0",
                            "ingress.753360330.protocol": "-1",
                            "ingress.753360330.security_groups.#": "0",
                            "ingress.753360330.self": "true",
                            "ingress.753360330.to_port": "0",
                            "name": "tas-dev-allow_ssl",
                            "owner_id": "958408468436",
                            "revoke_rules_on_delete": "false",
                            "tags.%": "1",
                            "tags.Name": "allow_ssl",
                            "vpc_id": "vpc-60080804"
                        },
                        "meta": {
                            "e2bfb730-ecaa-11e6-8f88-34363bc7c4c0": {
                                "create": 600000000000,
                                "delete": 600000000000
                            },
                            "schema_version": "1"
                        },
                        "tainted": false
                    },
                    "deposed": [],
                    "provider": "provider.aws"
                },
                "data.external.keygen": {
                    "type": "external",
                    "depends_on": [],
                    "primary": {
                        "id": "-",
                        "attributes": {
                            "id": "-",
                            "program.#": "2",
                            "program.0": "/bin/bash",
                            "program.1": "keygen.sh",
                            "query.%": "3",
                            "query.env": "dev",
                            "query.name": "tas",
                            "query.path": "keys",
                            "result.%": "1",
                            "result.public_key": "ssh-rsa AAAAB3NzaC1yc2EAAAADAQABAAACAQC4yfjXYes+GjpHy3WxXTrO1woLn7PaspxP5FCFgH3pL0JEbjpW8kJqbtr/Phye29xJ5IkNf31ZfajYQFQvDF43+kOyrrNFys11k+mLkQbupCktO3pUknAcgP4j2PSSLucisDG84AThYlrBRQI3n9Sai9HjrTX07Wn0O32oFx1tLifl8LSXmxcTuhsKr22Ehn95LzJN8YEtASd0dFPDa+Og7tZR9C2qReWeYauyZ5lCRWwxS4Ps4buCmSdeCVvhUuh7YaKkk/H8JBXAMgz1mTBSi0pH5aXjaSGwtnaKzDrSbj1jHet5rNUakNWMBp6O+K1xTlVZde8YDyTcW+sA4K0KtIxFdgMZO+XHt7zj8ogRSJBHaAN7i0urCRMIBA2W2PTIPxiFsg05ybT4Ry0M0L+Nbto4lfTu9K00Xbg+MLnSdDlFfnHNAP46s11Ar1jhiGZZ7hkflPnbdlIHtsBYBOXTGBF8un8meYrdvZMPyRUGOBLTLx2Opu4IQYiVLx2XtGfVhQEsNLq+q5/Swaqp+R6M0vCj7BnxYkWpu0FPb8STCMoEPNivX0o6PcZa5swd5ZwgsxEWTK/XgcI5R1Z9eVH6fAp9gGnUAGba/h+s3/9qxcEsCu5undOTCgfpUhJemAiJRnyKwyU80ldH0XcNZcAaZJTySFUNcNX2HQDoLXL0ew== tas-dev keypair"
                        },
                        "meta": {},
                        "tainted": false
                    },
                    "deposed": [],
                    "provider": "provider.external"
                }
            },
            "depends_on": []
        }
    ]
}
